
Microsoft Visual Studio Solution File, Format Version 12.00
# Visual Studio Version 17
VisualStudioVersion = 17.11.35327.3
MinimumVisualStudioVersion = 10.0.40219.1
Project("{FAE04EC0-301F-11D3-BF4B-00C04F79EFBC}") = "Decisison.Maker.API", "Decisison.Maker.API\Decisison.Maker.API.csproj", "{1147214F-AAFB-4C50-97E5-14563A288207}"
EndProject
Global
	GlobalSection(SolutionConfigurationPlatforms) = preSolution
		Debug|Any CPU = Debug|Any CPU
		Release|Any CPU = Release|Any CPU
	EndGlobalSection
	GlobalSection(ProjectConfigurationPlatforms) = postSolution
		{1147214F-AAFB-4C50-97E5-14563A288207}.Debug|Any CPU.ActiveCfg = Debug|Any CPU
		{1147214F-AAFB-4C50-97E5-14563A288207}.Debug|Any CPU.Build.0 = Debug|Any CPU
		{1147214F-AAFB-4C50-97E5-14563A288207}.Release|Any CPU.ActiveCfg = Release|Any CPU
		{1147214F-AAFB-4C50-97E5-14563A288207}.Release|Any CPU.Build.0 = Release|Any CPU
	EndGlobalSection
	GlobalSection(SolutionProperties) = preSolution
		HideSolutionNode = FALSE
	EndGlobalSection
	GlobalSection(ExtensibilityGlobals) = postSolution
		SolutionGuid = {B284C6A2-B5E0-434F-850D-731CFA7EA191}
	EndGlobalSection
EndGlobal
